
Microsoft Visual Studio Solution File, Format Version 12.00
# Visual Studio Version 16
VisualStudioVersion = 16.0.31624.102
MinimumVisualStudioVersion = 10.0.40219.1
Project("{FAE04EC0-301F-11D3-BF4B-00C04F79EFBC}") = "library", "library\library.csproj", "{77E1076F-B3C5-4397-A990-31A66AD3A65A}"
EndProject
Global
	GlobalSection(SolutionConfigurationPlatforms) = preSolution
		Debug|Any CPU = Debug|Any CPU
		Release|Any CPU = Release|Any CPU
	EndGlobalSection
	GlobalSection(ProjectConfigurationPlatforms) = postSolution
		{77E1076F-B3C5-4397-A990-31A66AD3A65A}.Debug|Any CPU.ActiveCfg = Debug|Any CPU
		{77E1076F-B3C5-4397-A990-31A66AD3A65A}.Debug|Any CPU.Build.0 = Debug|Any CPU
		{77E1076F-B3C5-4397-A990-31A66AD3A65A}.Release|Any CPU.ActiveCfg = Release|Any CPU
		{77E1076F-B3C5-4397-A990-31A66AD3A65A}.Release|Any CPU.Build.0 = Release|Any CPU
	EndGlobalSection
	GlobalSection(SolutionProperties) = preSolution
		HideSolutionNode = FALSE
	EndGlobalSection
	GlobalSection(ExtensibilityGlobals) = postSolution
		SolutionGuid = {4DC9F870-CCCE-4D04-A7ED-D87C0246763A}
	EndGlobalSection
EndGlobal
